// !$*UTF8*$!
{
	archiveVersion = 1;
	classes = {
	};
	objectVersion = 46;
	objects = {

/* Begin PBXBuildFile section */
		BF333B341C7E247A00D5E660 /* AppDelegate.swift in Sources */ = {isa = PBXBuildFile; fileRef = BF333B331C7E247A00D5E660 /* AppDelegate.swift */; };
		BF333B361C7E247A00D5E660 /* MainViewController.swift in Sources */ = {isa = PBXBuildFile; fileRef = BF333B351C7E247A00D5E660 /* MainViewController.swift */; };
		BF333B391C7E247A00D5E660 /* Main.storyboard in Resources */ = {isa = PBXBuildFile; fileRef = BF333B371C7E247A00D5E660 /* Main.storyboard */; };
		BF333B3C1C7E247A00D5E660 /* newsApp.xcdatamodeld in Sources */ = {isa = PBXBuildFile; fileRef = BF333B3A1C7E247A00D5E660 /* newsApp.xcdatamodeld */; };
		BF333B3E1C7E247A00D5E660 /* Assets.xcassets in Resources */ = {isa = PBXBuildFile; fileRef = BF333B3D1C7E247A00D5E660 /* Assets.xcassets */; };
		BF333B411C7E247A00D5E660 /* LaunchScreen.storyboard in Resources */ = {isa = PBXBuildFile; fileRef = BF333B3F1C7E247A00D5E660 /* LaunchScreen.storyboard */; };
		BF333B491C7E285200D5E660 /* Request.swift in Sources */ = {isa = PBXBuildFile; fileRef = BF333B481C7E285200D5E660 /* Request.swift */; };
		BF333B4B1C7E2A4100D5E660 /* SwiftyJSON.swift in Sources */ = {isa = PBXBuildFile; fileRef = BF333B4A1C7E2A4100D5E660 /* SwiftyJSON.swift */; };
		BF333B4D1C7E414000D5E660 /* NewsDetailViewController.swift in Sources */ = {isa = PBXBuildFile; fileRef = BF333B4C1C7E414000D5E660 /* NewsDetailViewController.swift */; };
		BF879AAE1C99BDB7006CBFE8 /* Fabric.framework in Frameworks */ = {isa = PBXBuildFile; fileRef = BF879AAA1C99BDB7006CBFE8 /* Fabric.framework */; };
		BF879AAF1C99BDB7006CBFE8 /* TwitterKit.framework in Frameworks */ = {isa = PBXBuildFile; fileRef = BF879AAB1C99BDB7006CBFE8 /* TwitterKit.framework */; };
		BF879AB01C99BDB7006CBFE8 /* TwitterKitResources.bundle in Resources */ = {isa = PBXBuildFile; fileRef = BF879AAC1C99BDB7006CBFE8 /* TwitterKitResources.bundle */; };
		BF879AB11C99BDB7006CBFE8 /* TwitterCore.framework in Frameworks */ = {isa = PBXBuildFile; fileRef = BF879AAD1C99BDB7006CBFE8 /* TwitterCore.framework */; };
		BF879AB31C99C436006CBFE8 /* LoginViewController.swift in Sources */ = {isa = PBXBuildFile; fileRef = BF879AB21C99C436006CBFE8 /* LoginViewController.swift */; };
		BF879AB51C99C607006CBFE8 /* CheckLoginController.swift in Sources */ = {isa = PBXBuildFile; fileRef = BF879AB41C99C607006CBFE8 /* CheckLoginController.swift */; };
		BF879AB71C9A10AA006CBFE8 /* NewsYorkTableViewCell.swift in Sources */ = {isa = PBXBuildFile; fileRef = BF879AB61C9A10AA006CBFE8 /* NewsYorkTableViewCell.swift */; };
		BFC3C56F1C90A44000DB6E7B /* Core.swift in Sources */ = {isa = PBXBuildFile; fileRef = BFC3C56E1C90A44000DB6E7B /* Core.swift */; };
		BFE0A0ED1C9B1F1E001DA837 /* FBShimmeringLayer.m in Sources */ = {isa = PBXBuildFile; fileRef = BFE0A0EA1C9B1F1E001DA837 /* FBShimmeringLayer.m */; };
		BFE0A0EE1C9B1F1E001DA837 /* FBShimmeringView.m in Sources */ = {isa = PBXBuildFile; fileRef = BFE0A0EC1C9B1F1E001DA837 /* FBShimmeringView.m */; };
		BFF4BD501C9DEEE60089B400 /* .gitignore in Resources */ = {isa = PBXBuildFile; fileRef = BFF4BD4F1C9DEEE60089B400 /* .gitignore */; };
		BFF4BD521C9DEF1D0089B400 /* TwitterData.swift in Sources */ = {isa = PBXBuildFile; fileRef = BFF4BD511C9DEF1D0089B400 /* TwitterData.swift */; };
		BFF69F3E1C7E6C4C00BF5F16 /* SearchViewController.swift in Sources */ = {isa = PBXBuildFile; fileRef = BFF69F3D1C7E6C4C00BF5F16 /* SearchViewController.swift */; };
/* End PBXBuildFile section */

/* Begin PBXFileReference section */
		BF333B301C7E247A00D5E660 /* newsApp.app */ = {isa = PBXFileReference; explicitFileType = wrapper.application; includeInIndex = 0; path = newsApp.app; sourceTree = BUILT_PRODUCTS_DIR; };
		BF333B331C7E247A00D5E660 /* AppDelegate.swift */ = {isa = PBXFileReference; lastKnownFileType = sourcecode.swift; path = AppDelegate.swift; sourceTree = "<group>"; };
		BF333B351C7E247A00D5E660 /* MainViewController.swift */ = {isa = PBXFileReference; lastKnownFileType = sourcecode.swift; path = MainViewController.swift; sourceTree = "<group>"; };
		BF333B381C7E247A00D5E660 /* Base */ = {isa = PBXFileReference; lastKnownFileType = file.storyboard; name = Base; path = Base.lproj/Main.storyboard; sourceTree = "<group>"; };
		BF333B3B1C7E247A00D5E660 /* newsApp.xcdatamodel */ = {isa = PBXFileReference; lastKnownFileType = wrapper.xcdatamodel; path = newsApp.xcdatamodel; sourceTree = "<group>"; };
		BF333B3D1C7E247A00D5E660 /* Assets.xcassets */ = {isa = PBXFileReference; lastKnownFileType = folder.assetcatalog; path = Assets.xcassets; sourceTree = "<group>"; };
		BF333B401C7E247A00D5E660 /* Base */ = {isa = PBXFileReference; lastKnownFileType = file.storyboard; name = Base; path = Base.lproj/LaunchScreen.storyboard; sourceTree = "<group>"; };
		BF333B421C7E247A00D5E660 /* Info.plist */ = {isa = PBXFileReference; lastKnownFileType = text.plist.xml; path = Info.plist; sourceTree = "<group>"; };
		BF333B481C7E285200D5E660 /* Request.swift */ = {isa = PBXFileReference; fileEncoding = 4; lastKnownFileType = sourcecode.swift; path = Request.swift; sourceTree = "<group>"; };
		BF333B4A1C7E2A4100D5E660 /* SwiftyJSON.swift */ = {isa = PBXFileReference; fileEncoding = 4; lastKnownFileType = sourcecode.swift; path = SwiftyJSON.swift; sourceTree = "<group>"; };
		BF333B4C1C7E414000D5E660 /* NewsDetailViewController.swift */ = {isa = PBXFileReference; fileEncoding = 4; lastKnownFileType = sourcecode.swift; path = NewsDetailViewController.swift; sourceTree = "<group>"; };
		BF879AAA1C99BDB7006CBFE8 /* Fabric.framework */ = {isa = PBXFileReference; lastKnownFileType = wrapper.framework; path = Fabric.framework; sourceTree = "<group>"; };
		BF879AAB1C99BDB7006CBFE8 /* TwitterKit.framework */ = {isa = PBXFileReference; lastKnownFileType = wrapper.framework; path = TwitterKit.framework; sourceTree = "<group>"; };
		BF879AAC1C99BDB7006CBFE8 /* TwitterKitResources.bundle */ = {isa = PBXFileReference; lastKnownFileType = "wrapper.plug-in"; name = TwitterKitResources.bundle; path = TwitterKit.framework/Versions/A/Resources/TwitterKitResources.bundle; sourceTree = "<group>"; };
		BF879AAD1C99BDB7006CBFE8 /* TwitterCore.framework */ = {isa = PBXFileReference; lastKnownFileType = wrapper.framework; path = TwitterCore.framework; sourceTree = "<group>"; };
		BF879AB21C99C436006CBFE8 /* LoginViewController.swift */ = {isa = PBXFileReference; fileEncoding = 4; lastKnownFileType = sourcecode.swift; path = LoginViewController.swift; sourceTree = "<group>"; };
		BF879AB41C99C607006CBFE8 /* CheckLoginController.swift */ = {isa = PBXFileReference; fileEncoding = 4; lastKnownFileType = sourcecode.swift; path = CheckLoginController.swift; sourceTree = "<group>"; };
		BF879AB61C9A10AA006CBFE8 /* NewsYorkTableViewCell.swift */ = {isa = PBXFileReference; fileEncoding = 4; lastKnownFileType = sourcecode.swift; path = NewsYorkTableViewCell.swift; sourceTree = "<group>"; };
		BFC3C56E1C90A44000DB6E7B /* Core.swift */ = {isa = PBXFileReference; fileEncoding = 4; lastKnownFileType = sourcecode.swift; path = Core.swift; sourceTree = "<group>"; };
		BFE0A0E71C9B1F1E001DA837 /* FBShimmering-Prefix.pch */ = {isa = PBXFileReference; fileEncoding = 4; lastKnownFileType = sourcecode.c.h; path = "FBShimmering-Prefix.pch"; sourceTree = "<group>"; };
		BFE0A0E81C9B1F1E001DA837 /* FBShimmering.h */ = {isa = PBXFileReference; fileEncoding = 4; lastKnownFileType = sourcecode.c.h; path = FBShimmering.h; sourceTree = "<group>"; };
		BFE0A0E91C9B1F1E001DA837 /* FBShimmeringLayer.h */ = {isa = PBXFileReference; fileEncoding = 4; lastKnownFileType = sourcecode.c.h; path = FBShimmeringLayer.h; sourceTree = "<group>"; };
		BFE0A0EA1C9B1F1E001DA837 /* FBShimmeringLayer.m */ = {isa = PBXFileReference; fileEncoding = 4; lastKnownFileType = sourcecode.c.objc; path = FBShimmeringLayer.m; sourceTree = "<group>"; };
		BFE0A0EB1C9B1F1E001DA837 /* FBShimmeringView.h */ = {isa = PBXFileReference; fileEncoding = 4; lastKnownFileType = sourcecode.c.h; path = FBShimmeringView.h; sourceTree = "<group>"; };
		BFE0A0EC1C9B1F1E001DA837 /* FBShimmeringView.m */ = {isa = PBXFileReference; fileEncoding = 4; lastKnownFileType = sourcecode.c.objc; path = FBShimmeringView.m; sourceTree = "<group>"; };
		BFE0A0EF1C9B1F6C001DA837 /* Brindging-Header.h */ = {isa = PBXFileReference; fileEncoding = 4; lastKnownFileType = sourcecode.c.h; path = "Brindging-Header.h"; sourceTree = "<group>"; };
		BFF4BD4F1C9DEEE60089B400 /* .gitignore */ = {isa = PBXFileReference; fileEncoding = 4; lastKnownFileType = text; path = .gitignore; sourceTree = "<group>"; };
		BFF4BD511C9DEF1D0089B400 /* TwitterData.swift */ = {isa = PBXFileReference; fileEncoding = 4; lastKnownFileType = sourcecode.swift; path = TwitterData.swift; sourceTree = "<group>"; };
		BFF69F3D1C7E6C4C00BF5F16 /* SearchViewController.swift */ = {isa = PBXFileReference; fileEncoding = 4; lastKnownFileType = sourcecode.swift; path = SearchViewController.swift; sourceTree = "<group>"; };
/* End PBXFileReference section */

/* Begin PBXFrameworksBuildPhase section */
		BF333B2D1C7E247A00D5E660 /* Frameworks */ = {
			isa = PBXFrameworksBuildPhase;
			buildActionMask = 2147483647;
			files = (
				BF879AAE1C99BDB7006CBFE8 /* Fabric.framework in Frameworks */,
				BF879AB11C99BDB7006CBFE8 /* TwitterCore.framework in Frameworks */,
				BF879AAF1C99BDB7006CBFE8 /* TwitterKit.framework in Frameworks */,
			);
			runOnlyForDeploymentPostprocessing = 0;
		};
/* End PBXFrameworksBuildPhase section */

/* Begin PBXGroup section */
		BF333B271C7E247A00D5E660 = {
			isa = PBXGroup;
			children = (
				BFF4BD4F1C9DEEE60089B400 /* .gitignore */,
				BF879AAA1C99BDB7006CBFE8 /* Fabric.framework */,
				BF879AAB1C99BDB7006CBFE8 /* TwitterKit.framework */,
				BF879AAC1C99BDB7006CBFE8 /* TwitterKitResources.bundle */,
				BF879AAD1C99BDB7006CBFE8 /* TwitterCore.framework */,
				BF333B321C7E247A00D5E660 /* newsApp */,
				BFE0A0E61C9B1F1E001DA837 /* FBShimmering */,
				BF333B311C7E247A00D5E660 /* Products */,
			);
			sourceTree = "<group>";
		};
		BF333B311C7E247A00D5E660 /* Products */ = {
			isa = PBXGroup;
			children = (
				BF333B301C7E247A00D5E660 /* newsApp.app */,
			);
			name = Products;
			sourceTree = "<group>";
		};
		BF333B321C7E247A00D5E660 /* newsApp */ = {
			isa = PBXGroup;
			children = (
				BF333B331C7E247A00D5E660 /* AppDelegate.swift */,
				BF333B351C7E247A00D5E660 /* MainViewController.swift */,
				BFF69F3D1C7E6C4C00BF5F16 /* SearchViewController.swift */,
				BF879AB21C99C436006CBFE8 /* LoginViewController.swift */,
				BFE0A0EF1C9B1F6C001DA837 /* Brindging-Header.h */,
				BF879AB61C9A10AA006CBFE8 /* NewsYorkTableViewCell.swift */,
				BF879AB41C99C607006CBFE8 /* CheckLoginController.swift */,
				BF333B4C1C7E414000D5E660 /* NewsDetailViewController.swift */,
				BFC3C56E1C90A44000DB6E7B /* Core.swift */,
				BF333B481C7E285200D5E660 /* Request.swift */,
				BF333B371C7E247A00D5E660 /* Main.storyboard */,
				BF333B3D1C7E247A00D5E660 /* Assets.xcassets */,
				BF333B4A1C7E2A4100D5E660 /* SwiftyJSON.swift */,
				BF333B3F1C7E247A00D5E660 /* LaunchScreen.storyboard */,
				BF333B421C7E247A00D5E660 /* Info.plist */,
				BF333B3A1C7E247A00D5E660 /* newsApp.xcdatamodeld */,
				BFF4BD511C9DEF1D0089B400 /* TwitterData.swift */,
			);
			path = newsApp;
			sourceTree = "<group>";
		};
		BFE0A0E61C9B1F1E001DA837 /* FBShimmering */ = {
			isa = PBXGroup;
			children = (
				BFE0A0E71C9B1F1E001DA837 /* FBShimmering-Prefix.pch */,
				BFE0A0E81C9B1F1E001DA837 /* FBShimmering.h */,
				BFE0A0E91C9B1F1E001DA837 /* FBShimmeringLayer.h */,
				BFE0A0EA1C9B1F1E001DA837 /* FBShimmeringLayer.m */,
				BFE0A0EB1C9B1F1E001DA837 /* FBShimmeringView.h */,
				BFE0A0EC1C9B1F1E001DA837 /* FBShimmeringView.m */,
			);
			path = FBShimmering;
			sourceTree = "<group>";
		};
/* End PBXGroup section */

/* Begin PBXNativeTarget section */
		BF333B2F1C7E247A00D5E660 /* newsApp */ = {
			isa = PBXNativeTarget;
			buildConfigurationList = BF333B451C7E247A00D5E660 /* Build configuration list for PBXNativeTarget "newsApp" */;
			buildPhases = (
				BF333B2C1C7E247A00D5E660 /* Sources */,
				BF333B2D1C7E247A00D5E660 /* Frameworks */,
				BF333B2E1C7E247A00D5E660 /* Resources */,
				BF879AA91C99BD16006CBFE8 /* ShellScript */,
			);
			buildRules = (
			);
			dependencies = (
			);
			name = newsApp;
			productName = newsApp;
			productReference = BF333B301C7E247A00D5E660 /* newsApp.app */;
			productType = "com.apple.product-type.application";
		};
/* End PBXNativeTarget section */

/* Begin PBXProject section */
		BF333B281C7E247A00D5E660 /* Project object */ = {
			isa = PBXProject;
			attributes = {
				LastSwiftUpdateCheck = 0720;
				LastUpgradeCheck = 0720;
				ORGANIZATIONNAME = "vicente rodriguez";
				TargetAttributes = {
					BF333B2F1C7E247A00D5E660 = {
						CreatedOnToolsVersion = 7.2.1;
						DevelopmentTeam = BJRVSDXBD2;
					};
				};
			};
			buildConfigurationList = BF333B2B1C7E247A00D5E660 /* Build configuration list for PBXProject "newsApp" */;
			compatibilityVersion = "Xcode 3.2";
			developmentRegion = English;
			hasScannedForEncodings = 0;
			knownRegions = (
				en,
				Base,
			);
			mainGroup = BF333B271C7E247A00D5E660;
			productRefGroup = BF333B311C7E247A00D5E660 /* Products */;
			projectDirPath = "";
			projectRoot = "";
			targets = (
				BF333B2F1C7E247A00D5E660 /* newsApp */,
			);
		};
/* End PBXProject section */

/* Begin PBXResourcesBuildPhase section */
		BF333B2E1C7E247A00D5E660 /* Resources */ = {
			isa = PBXResourcesBuildPhase;
			buildActionMask = 2147483647;
			files = (
				BFF4BD501C9DEEE60089B400 /* .gitignore in Resources */,
				BF879AB01C99BDB7006CBFE8 /* TwitterKitResources.bundle in Resources */,
				BF333B411C7E247A00D5E660 /* LaunchScreen.storyboard in Resources */,
				BF333B3E1C7E247A00D5E660 /* Assets.xcassets in Resources */,
				BF333B391C7E247A00D5E660 /* Main.storyboard in Resources */,
			);
			runOnlyForDeploymentPostprocessing = 0;
		};
/* End PBXResourcesBuildPhase section */

/* Begin PBXShellScriptBuildPhase section */
		BF879AA91C99BD16006CBFE8 /* ShellScript */ = {
			isa = PBXShellScriptBuildPhase;
			buildActionMask = 2147483647;
			files = (
			);
			inputPaths = (
			);
			outputPaths = (
			);
			runOnlyForDeploymentPostprocessing = 0;
			shellPath = /bin/sh;
			shellScript = "./Fabric.framework/run c75f94c7e0f3562255b51bf62c1ab16e3efa0a9d 643cb43037a95c456294bd0a92ab9a6d512da2222c40322ab1e2cb5e9c4009c1";
		};
/* End PBXShellScriptBuildPhase section */

/* Begin PBXSourcesBuildPhase section */
		BF333B2C1C7E247A00D5E660 /* Sources */ = {
			isa = PBXSourcesBuildPhase;
			buildActionMask = 2147483647;
			files = (
				BF879AB31C99C436006CBFE8 /* LoginViewController.swift in Sources */,
				BFF4BD521C9DEF1D0089B400 /* TwitterData.swift in Sources */,
				BF333B4D1C7E414000D5E660 /* NewsDetailViewController.swift in Sources */,
				BFF69F3E1C7E6C4C00BF5F16 /* SearchViewController.swift in Sources */,
				BF333B361C7E247A00D5E660 /* MainViewController.swift in Sources */,
				BF333B3C1C7E247A00D5E660 /* newsApp.xcdatamodeld in Sources */,
				BF333B341C7E247A00D5E660 /* AppDelegate.swift in Sources */,
				BFE0A0ED1C9B1F1E001DA837 /* FBShimmeringLayer.m in Sources */,
				BFE0A0EE1C9B1F1E001DA837 /* FBShimmeringView.m in Sources */,
				BF333B4B1C7E2A4100D5E660 /* SwiftyJSON.swift in Sources */,
				BFC3C56F1C90A44000DB6E7B /* Core.swift in Sources */,
				BF879AB51C99C607006CBFE8 /* CheckLoginController.swift in Sources */,
				BF879AB71C9A10AA006CBFE8 /* NewsYorkTableViewCell.swift in Sources */,
				BF333B491C7E285200D5E660 /* Request.swift in Sources */,
			);
			runOnlyForDeploymentPostprocessing = 0;
		};
/* End PBXSourcesBuildPhase section */

/* Begin PBXVariantGroup section */
		BF333B371C7E247A00D5E660 /* Main.storyboard */ = {
			isa = PBXVariantGroup;
			children = (
				BF333B381C7E247A00D5E660 /* Base */,
			);
			name = Main.storyboard;
			sourceTree = "<group>";
		};
		BF333B3F1C7E247A00D5E660 /* LaunchScreen.storyboard */ = {
			isa = PBXVariantGroup;
			children = (
				BF333B401C7E247A00D5E660 /* Base */,
			);
			name = LaunchScreen.storyboard;
			sourceTree = "<group>";
		};
/* End PBXVariantGroup section */

/* Begin XCBuildConfiguration section */
		BF333B431C7E247A00D5E660 /* Debug */ = {
			isa = XCBuildConfiguration;
			buildSettings = {
				ALWAYS_SEARCH_USER_PATHS = NO;
				CLANG_CXX_LANGUAGE_STANDARD = "gnu++0x";
				CLANG_CXX_LIBRARY = "libc++";
				CLANG_ENABLE_MODULES = YES;
				CLANG_ENABLE_OBJC_ARC = YES;
				CLANG_WARN_BOOL_CONVERSION = YES;
				CLANG_WARN_CONSTANT_CONVERSION = YES;
				CLANG_WARN_DIRECT_OBJC_ISA_USAGE = YES_ERROR;
				CLANG_WARN_EMPTY_BODY = YES;
				CLANG_WARN_ENUM_CONVERSION = YES;
				CLANG_WARN_INT_CONVERSION = YES;
				CLANG_WARN_OBJC_ROOT_CLASS = YES_ERROR;
				CLANG_WARN_UNREACHABLE_CODE = YES;
				CLANG_WARN__DUPLICATE_METHOD_MATCH = YES;
				"CODE_SIGN_IDENTITY[sdk=iphoneos*]" = "iPhone Developer";
				COPY_PHASE_STRIP = NO;
				DEBUG_INFORMATION_FORMAT = dwarf;
				ENABLE_STRICT_OBJC_MSGSEND = YES;
				ENABLE_TESTABILITY = YES;
				GCC_C_LANGUAGE_STANDARD = gnu99;
				GCC_DYNAMIC_NO_PIC = NO;
				GCC_NO_COMMON_BLOCKS = YES;
				GCC_OPTIMIZATION_LEVEL = 0;
				GCC_PREPROCESSOR_DEFINITIONS = (
					"DEBUG=1",
					"$(inherited)",
				);
				GCC_WARN_64_TO_32_BIT_CONVERSION = YES;
				GCC_WARN_ABOUT_RETURN_TYPE = YES_ERROR;
				GCC_WARN_UNDECLARED_SELECTOR = YES;
				GCC_WARN_UNINITIALIZED_AUTOS = YES_AGGRESSIVE;
				GCC_WARN_UNUSED_FUNCTION = YES;
				GCC_WARN_UNUSED_VARIABLE = YES;
				IPHONEOS_DEPLOYMENT_TARGET = 9.2;
				MTL_ENABLE_DEBUG_INFO = YES;
				ONLY_ACTIVE_ARCH = YES;
				SDKROOT = iphoneos;
				SWIFT_OPTIMIZATION_LEVEL = "-Onone";
				TARGETED_DEVICE_FAMILY = 2;
			};
			name = Debug;
		};
		BF333B441C7E247A00D5E660 /* Release */ = {
			isa = XCBuildConfiguration;
			buildSettings = {
				ALWAYS_SEARCH_USER_PATHS = NO;
				CLANG_CXX_LANGUAGE_STANDARD = "gnu++0x";
				CLANG_CXX_LIBRARY = "libc++";
				CLANG_ENABLE_MODULES = YES;
				CLANG_ENABLE_OBJC_ARC = YES;
				CLANG_WARN_BOOL_CONVERSION = YES;
				CLANG_WARN_CONSTANT_CONVERSION = YES;
				CLANG_WARN_DIRECT_OBJC_ISA_USAGE = YES_ERROR;
				CLANG_WARN_EMPTY_BODY = YES;
				CLANG_WARN_ENUM_CONVERSION = YES;
				CLANG_WARN_INT_CONVERSION = YES;
				CLANG_WARN_OBJC_ROOT_CLASS = YES_ERROR;
				CLANG_WARN_UNREACHABLE_CODE = YES;
				CLANG_WARN__DUPLICATE_METHOD_MATCH = YES;
				"CODE_SIGN_IDENTITY[sdk=iphoneos*]" = "iPhone Developer";
				COPY_PHASE_STRIP = NO;
				DEBUG_INFORMATION_FORMAT = "dwarf-with-dsym";
				ENABLE_NS_ASSERTIONS = NO;
				ENABLE_STRICT_OBJC_MSGSEND = YES;
				GCC_C_LANGUAGE_STANDARD = gnu99;
				GCC_NO_COMMON_BLOCKS = YES;
				GCC_WARN_64_TO_32_BIT_CONVERSION = YES;
				GCC_WARN_ABOUT_RETURN_TYPE = YES_ERROR;
				GCC_WARN_UNDECLARED_SELECTOR = YES;
				GCC_WARN_UNINITIALIZED_AUTOS = YES_AGGRESSIVE;
				GCC_WARN_UNUSED_FUNCTION = YES;
				GCC_WARN_UNUSED_VARIABLE = YES;
				IPHONEOS_DEPLOYMENT_TARGET = 9.2;
				MTL_ENABLE_DEBUG_INFO = NO;
				SDKROOT = iphoneos;
				TARGETED_DEVICE_FAMILY = 2;
				VALIDATE_PRODUCT = YES;
			};
			name = Release;
		};
		BF333B461C7E247A00D5E660 /* Debug */ = {
			isa = XCBuildConfiguration;
			buildSettings = {
				ASSETCATALOG_COMPILER_APPICON_NAME = AppIcon;
				FRAMEWORK_SEARCH_PATHS = (
					"$(inherited)",
					"$(PROJECT_DIR)",
				);
				INFOPLIST_FILE = newsApp/Info.plist;
				LD_RUNPATH_SEARCH_PATHS = "$(inherited) @executable_path/Frameworks";
				PRODUCT_BUNDLE_IDENTIFIER = projects.newsApp;
				PRODUCT_NAME = "$(TARGET_NAME)";
				SWIFT_OBJC_BRIDGING_HEADER = "$(SRCROOT)/newsApp/Brindging-Header.h";
				TARGETED_DEVICE_FAMILY = "1,2";
			};
			name = Debug;
		};
		BF333B471C7E247A00D5E660 /* Release */ = {
			isa = XCBuildConfiguration;
			buildSettings = {
				ASSETCATALOG_COMPILER_APPICON_NAME = AppIcon;
				FRAMEWORK_SEARCH_PATHS = (
					"$(inherited)",
					"$(PROJECT_DIR)",
				);
				INFOPLIST_FILE = newsApp/Info.plist;
				LD_RUNPATH_SEARCH_PATHS = "$(inherited) @executable_path/Frameworks";
				PRODUCT_BUNDLE_IDENTIFIER = projects.newsApp;
				PRODUCT_NAME = "$(TARGET_NAME)";
				SWIFT_OBJC_BRIDGING_HEADER = "$(SRCROOT)/newsApp/Brindging-Header.h";
				TARGETED_DEVICE_FAMILY = "1,2";
			};
			name = Release;
		};
/* End XCBuildConfiguration section */

/* Begin XCConfigurationList section */
		BF333B2B1C7E247A00D5E660 /* Build configuration list for PBXProject "newsApp" */ = {
			isa = XCConfigurationList;
			buildConfigurations = (
				BF333B431C7E247A00D5E660 /* Debug */,
				BF333B441C7E247A00D5E660 /* Release */,
			);
			defaultConfigurationIsVisible = 0;
			defaultConfigurationName = Release;
		};
		BF333B451C7E247A00D5E660 /* Build configuration list for PBXNativeTarget "newsApp" */ = {
			isa = XCConfigurationList;
			buildConfigurations = (
				BF333B461C7E247A00D5E660 /* Debug */,
				BF333B471C7E247A00D5E660 /* Release */,
			);
			defaultConfigurationIsVisible = 0;
			defaultConfigurationName = Release;
		};
/* End XCConfigurationList section */

/* Begin XCVersionGroup section */
		BF333B3A1C7E247A00D5E660 /* newsApp.xcdatamodeld */ = {
			isa = XCVersionGroup;
			children = (
				BF333B3B1C7E247A00D5E660 /* newsApp.xcdatamodel */,
			);
			currentVersion = BF333B3B1C7E247A00D5E660 /* newsApp.xcdatamodel */;
			path = newsApp.xcdatamodeld;
			sourceTree = "<group>";
			versionGroupType = wrapper.xcdatamodel;
		};
/* End XCVersionGroup section */
	};
	rootObject = BF333B281C7E247A00D5E660 /* Project object */;
}
